
Microsoft Visual Studio Solution File, Format Version 12.00
# Visual Studio 14
VisualStudioVersion = 14.0.25420.1
MinimumVisualStudioVersion = 10.0.40219.1
Project("{F184B08F-C81C-45F6-A57F-5ABD9991F28F}") = "RoundedButton", "RoundedButton\RoundedButton.vbproj", "{F476CDAA-C0C3-4AF6-9C19-C63C5E37FE05}"
EndProject
Global
	GlobalSection(SolutionConfigurationPlatforms) = preSolution
		Debug|Any CPU = Debug|Any CPU
		Release|Any CPU = Release|Any CPU
	EndGlobalSection
	GlobalSection(ProjectConfigurationPlatforms) = postSolution
		{F476CDAA-C0C3-4AF6-9C19-C63C5E37FE05}.Debug|Any CPU.ActiveCfg = Debug|Any CPU
		{F476CDAA-C0C3-4AF6-9C19-C63C5E37FE05}.Debug|Any CPU.Build.0 = Debug|Any CPU
		{F476CDAA-C0C3-4AF6-9C19-C63C5E37FE05}.Release|Any CPU.ActiveCfg = Release|Any CPU
		{F476CDAA-C0C3-4AF6-9C19-C63C5E37FE05}.Release|Any CPU.Build.0 = Release|Any CPU
	EndGlobalSection
	GlobalSection(SolutionProperties) = preSolution
		HideSolutionNode = FALSE
	EndGlobalSection
EndGlobal
